
Microsoft Visual Studio Solution File, Format Version 12.00
# Visual Studio Version 17
VisualStudioVersion = 17.4.33122.133
MinimumVisualStudioVersion = 10.0.40219.1
Project("{FAE04EC0-301F-11D3-BF4B-00C04F79EFBC}") = "EK.Discord.Server.Core", "EK.Discord.Server.Core\EK.Discord.Server.Core.csproj", "{049A2BB8-CFC6-44AA-8427-E14218A9DE44}"
EndProject
Project("{FAE04EC0-301F-11D3-BF4B-00C04F79EFBC}") = "EK.Discord.Client.Core", "EK.Discord.Client.Core\EK.Discord.Client.Core.csproj", "{600F65AC-52A5-48BD-B698-08A0C0069DD0}"
EndProject
Project("{FAE04EC0-301F-11D3-BF4B-00C04F79EFBC}") = "EK.Discord.Common.Core", "EK.Discord.Common.Core\EK.Discord.Common.Core.csproj", "{17CFE0B6-FAEB-4AAF-AE13-F367A61DFF9C}"
EndProject
Project("{FAE04EC0-301F-11D3-BF4B-00C04F79EFBC}") = "EK.Discord.Server.Bot", "EK.Discord.Server.Bot\EK.Discord.Server.Bot.csproj", "{EB5F24B7-0250-40B9-AFA4-AE0DADB6484E}"
EndProject
Project("{2150E333-8FDC-42A3-9474-1A3956D46DE8}") = "SolutionResources", "SolutionResources", "{5F26410B-6D8B-4697-B455-F6F3C60767EF}"
	ProjectSection(SolutionItems) = preProject
		.gitignore = .gitignore
		LICENSE = LICENSE
		README.md = README.md
		Directory.Build.props = Directory.Build.props
		Directory.Packages.props = Directory.Packages.props
		.editorconfig = .editorconfig
		NuGet.config = NuGet.config
		Dockerfile = Dockerfile
	EndProjectSection
EndProject
Project("{FAE04EC0-301F-11D3-BF4B-00C04F79EFBC}") = "EK.Discord.Server.Notion", "EK.Discord.Server.Notion\EK.Discord.Server.Notion.csproj", "{05A198AF-D906-4A50-8AE8-C20B30EAB22D}"
EndProject
Project("{FAE04EC0-301F-11D3-BF4B-00C04F79EFBC}") = "Ex.Discord.Server.Core.Test", "Ex.Discord.Server.Core.Test\Ex.Discord.Server.Core.Test.csproj", "{B1E2478A-3598-40C3-91B9-52B342993147}"
EndProject
Global
	GlobalSection(SolutionConfigurationPlatforms) = preSolution
		Debug|Any CPU = Debug|Any CPU
		Release|Any CPU = Release|Any CPU
	EndGlobalSection
	GlobalSection(ProjectConfigurationPlatforms) = postSolution
		{049A2BB8-CFC6-44AA-8427-E14218A9DE44}.Debug|Any CPU.ActiveCfg = Debug|Any CPU
		{049A2BB8-CFC6-44AA-8427-E14218A9DE44}.Debug|Any CPU.Build.0 = Debug|Any CPU
		{049A2BB8-CFC6-44AA-8427-E14218A9DE44}.Release|Any CPU.ActiveCfg = Release|Any CPU
		{049A2BB8-CFC6-44AA-8427-E14218A9DE44}.Release|Any CPU.Build.0 = Release|Any CPU
		{600F65AC-52A5-48BD-B698-08A0C0069DD0}.Debug|Any CPU.ActiveCfg = Debug|Any CPU
		{600F65AC-52A5-48BD-B698-08A0C0069DD0}.Debug|Any CPU.Build.0 = Debug|Any CPU
		{600F65AC-52A5-48BD-B698-08A0C0069DD0}.Release|Any CPU.ActiveCfg = Release|Any CPU
		{600F65AC-52A5-48BD-B698-08A0C0069DD0}.Release|Any CPU.Build.0 = Release|Any CPU
		{17CFE0B6-FAEB-4AAF-AE13-F367A61DFF9C}.Debug|Any CPU.ActiveCfg = Debug|Any CPU
		{17CFE0B6-FAEB-4AAF-AE13-F367A61DFF9C}.Debug|Any CPU.Build.0 = Debug|Any CPU
		{17CFE0B6-FAEB-4AAF-AE13-F367A61DFF9C}.Release|Any CPU.ActiveCfg = Release|Any CPU
		{17CFE0B6-FAEB-4AAF-AE13-F367A61DFF9C}.Release|Any CPU.Build.0 = Release|Any CPU
		{EB5F24B7-0250-40B9-AFA4-AE0DADB6484E}.Debug|Any CPU.ActiveCfg = Debug|Any CPU
		{EB5F24B7-0250-40B9-AFA4-AE0DADB6484E}.Debug|Any CPU.Build.0 = Debug|Any CPU
		{EB5F24B7-0250-40B9-AFA4-AE0DADB6484E}.Release|Any CPU.ActiveCfg = Release|Any CPU
		{EB5F24B7-0250-40B9-AFA4-AE0DADB6484E}.Release|Any CPU.Build.0 = Release|Any CPU
		{05A198AF-D906-4A50-8AE8-C20B30EAB22D}.Debug|Any CPU.ActiveCfg = Debug|Any CPU
		{05A198AF-D906-4A50-8AE8-C20B30EAB22D}.Debug|Any CPU.Build.0 = Debug|Any CPU
		{05A198AF-D906-4A50-8AE8-C20B30EAB22D}.Release|Any CPU.ActiveCfg = Release|Any CPU
		{05A198AF-D906-4A50-8AE8-C20B30EAB22D}.Release|Any CPU.Build.0 = Release|Any CPU
		{C20CBA10-44BB-4BA6-960A-ABECA7C3902D}.Debug|Any CPU.ActiveCfg = Debug|Any CPU
		{C20CBA10-44BB-4BA6-960A-ABECA7C3902D}.Debug|Any CPU.Build.0 = Debug|Any CPU
		{C20CBA10-44BB-4BA6-960A-ABECA7C3902D}.Release|Any CPU.ActiveCfg = Release|Any CPU
		{C20CBA10-44BB-4BA6-960A-ABECA7C3902D}.Release|Any CPU.Build.0 = Release|Any CPU
		{B1E2478A-3598-40C3-91B9-52B342993147}.Debug|Any CPU.ActiveCfg = Debug|Any CPU
		{B1E2478A-3598-40C3-91B9-52B342993147}.Debug|Any CPU.Build.0 = Debug|Any CPU
		{B1E2478A-3598-40C3-91B9-52B342993147}.Release|Any CPU.ActiveCfg = Release|Any CPU
		{B1E2478A-3598-40C3-91B9-52B342993147}.Release|Any CPU.Build.0 = Release|Any CPU
	EndGlobalSection
	GlobalSection(SolutionProperties) = preSolution
		HideSolutionNode = FALSE
	EndGlobalSection
	GlobalSection(ExtensibilityGlobals) = postSolution
		SolutionGuid = {8CA0B3BA-6893-4D6A-9405-33F4ED964CD5}
	EndGlobalSection
EndGlobal
