{
  "version": 4,
  "terraform_version": "1.1.8",
  "serial": 9,
  "lineage": "912d9ed7-9014-2bc8-0628-e0afb6cc344f",
  "outputs": {
    "azurerm_key_vault_id": {
      "value": "/subscriptions/b819e793-bf5b-4d32-a176-1ea0983d0a66/resourceGroups/rg-ek/providers/Microsoft.KeyVault/vaults/kv-ek-discord",
      "type": "string"
    },
    "azurerm_key_vault_name": {
      "value": "kv-ek-discord",
      "type": "string"
    },
    "resource_group_name": {
      "value": "rg-ek",
      "type": "string"
    }
  },
  "resources": [
    {
      "mode": "data",
      "type": "azurerm_client_config",
      "name": "current",
      "provider": "provider[\"registry.terraform.io/hashicorp/azurerm\"]",
      "instances": [
        {
          "schema_version": 0,
          "attributes": {
            "client_id": "04b07795-8ddb-461a-bbee-02f9e1bf7b46",
            "id": "Y2xpZW50Q29uZmlncy9jbGllbnRJZD0wNGIwNzc5NS04ZGRiLTQ2MWEtYmJlZS0wMmY5ZTFiZjdiNDY7b2JqZWN0SWQ9MDk5ZTEyOTItOTNmMC00NGI1LWIyNTEtMWFjY2Q2YTY5NDQ3O3N1YnNjcmlwdGlvbklkPWI4MTllNzkzLWJmNWItNGQzMi1hMTc2LTFlYTA5ODNkMGE2Njt0ZW5hbnRJZD0yOGQ4ZDJlNC1jYWE4LTQ1OTMtYjk1Zi1jZWFlZGYyYTA2OWY=",
            "object_id": "099e1292-93f0-44b5-b251-1accd6a69447",
            "subscription_id": "b819e793-bf5b-4d32-a176-1ea0983d0a66",
            "tenant_id": "28d8d2e4-caa8-4593-b95f-ceaedf2a069f",
            "timeouts": null
          },
          "sensitive_attributes": []
        }
      ]
    },
    {
      "mode": "managed",
      "type": "azurerm_key_vault",
      "name": "vault",
      "provider": "provider[\"registry.terraform.io/hashicorp/azurerm\"]",
      "instances": [
        {
          "schema_version": 2,
          "attributes": {
            "access_policy": [
              {
                "application_id": "",
                "certificate_permissions": [],
                "key_permissions": [
                  "List",
                  "Create",
                  "Delete",
                  "Get",
                  "Purge",
                  "Recover",
                  "Update",
                  "GetRotationPolicy",
                  "SetRotationPolicy"
                ],
                "object_id": "099e1292-93f0-44b5-b251-1accd6a69447",
                "secret_permissions": [
                  "List",
                  "Set",
                  "Delete",
                  "Get"
                ],
                "storage_permissions": [],
                "tenant_id": "28d8d2e4-caa8-4593-b95f-ceaedf2a069f"
              }
            ],
            "contact": [],
            "enable_rbac_authorization": false,
            "enabled_for_deployment": false,
            "enabled_for_disk_encryption": false,
            "enabled_for_template_deployment": false,
            "id": "/subscriptions/b819e793-bf5b-4d32-a176-1ea0983d0a66/resourceGroups/rg-ek/providers/Microsoft.KeyVault/vaults/kv-ek-discord",
            "location": "eastus",
            "name": "kv-ek-discord",
            "network_acls": [
              {
                "bypass": "AzureServices",
                "default_action": "Allow",
                "ip_rules": [],
                "virtual_network_subnet_ids": []
              }
            ],
            "public_network_access_enabled": true,
            "purge_protection_enabled": false,
            "resource_group_name": "rg-ek",
            "sku_name": "standard",
            "soft_delete_retention_days": 7,
            "tags": {},
            "tenant_id": "28d8d2e4-caa8-4593-b95f-ceaedf2a069f",
            "timeouts": null,
            "vault_uri": "https://kv-ek-discord.vault.azure.net/"
          },
          "sensitive_attributes": [],
          "private": "eyJlMmJmYjczMC1lY2FhLTExZTYtOGY4OC0zNDM2M2JjN2M0YzAiOnsiY3JlYXRlIjoxODAwMDAwMDAwMDAwLCJkZWxldGUiOjE4MDAwMDAwMDAwMDAsInJlYWQiOjMwMDAwMDAwMDAwMCwidXBkYXRlIjoxODAwMDAwMDAwMDAwfSwic2NoZW1hX3ZlcnNpb24iOiIyIn0=",
          "dependencies": [
            "azurerm_resource_group.rg",
            "data.azurerm_client_config.current"
          ]
        }
      ]
    },
    {
      "mode": "managed",
      "type": "azurerm_key_vault_secret",
      "name": "kv-ek-dicord-token",
      "provider": "provider[\"registry.terraform.io/hashicorp/azurerm\"]",
      "instances": [
        {
          "schema_version": 0,
          "attributes": {
            "content_type": "",
            "expiration_date": null,
            "id": "https://kv-ek-discord.vault.azure.net/secrets/Discord--Token/2cd2ab3de70142fc8b95f7d1fc7238c9",
            "key_vault_id": "/subscriptions/b819e793-bf5b-4d32-a176-1ea0983d0a66/resourceGroups/rg-ek/providers/Microsoft.KeyVault/vaults/kv-ek-discord",
            "name": "Discord--Token",
            "not_before_date": null,
            "resource_id": "/subscriptions/b819e793-bf5b-4d32-a176-1ea0983d0a66/resourceGroups/rg-ek/providers/Microsoft.KeyVault/vaults/kv-ek-discord/secrets/Discord--Token/versions/2cd2ab3de70142fc8b95f7d1fc7238c9",
            "resource_versionless_id": "/subscriptions/b819e793-bf5b-4d32-a176-1ea0983d0a66/resourceGroups/rg-ek/providers/Microsoft.KeyVault/vaults/kv-ek-discord/secrets/Discord--Token",
            "tags": null,
            "timeouts": null,
            "value": "NOT SET",
            "version": "2cd2ab3de70142fc8b95f7d1fc7238c9",
            "versionless_id": "https://kv-ek-discord.vault.azure.net/secrets/Discord--Token"
          },
          "sensitive_attributes": [],
          "private": "eyJlMmJmYjczMC1lY2FhLTExZTYtOGY4OC0zNDM2M2JjN2M0YzAiOnsiY3JlYXRlIjoxODAwMDAwMDAwMDAwLCJkZWxldGUiOjE4MDAwMDAwMDAwMDAsInJlYWQiOjE4MDAwMDAwMDAwMDAsInVwZGF0ZSI6MTgwMDAwMDAwMDAwMH19",
          "dependencies": [
            "azurerm_key_vault.vault"
          ]
        }
      ]
    },
    {
      "mode": "managed",
      "type": "azurerm_key_vault_secret",
      "name": "kv-ek-notion-token",
      "provider": "provider[\"registry.terraform.io/hashicorp/azurerm\"]",
      "instances": [
        {
          "schema_version": 0,
          "attributes": {
            "content_type": "",
            "expiration_date": null,
            "id": "https://kv-ek-discord.vault.azure.net/secrets/Notion--Token/15bb45722bfa49cd996809d5af23781a",
            "key_vault_id": "/subscriptions/b819e793-bf5b-4d32-a176-1ea0983d0a66/resourceGroups/rg-ek/providers/Microsoft.KeyVault/vaults/kv-ek-discord",
            "name": "Notion--Token",
            "not_before_date": null,
            "resource_id": "/subscriptions/b819e793-bf5b-4d32-a176-1ea0983d0a66/resourceGroups/rg-ek/providers/Microsoft.KeyVault/vaults/kv-ek-discord/secrets/Notion--Token/versions/15bb45722bfa49cd996809d5af23781a",
            "resource_versionless_id": "/subscriptions/b819e793-bf5b-4d32-a176-1ea0983d0a66/resourceGroups/rg-ek/providers/Microsoft.KeyVault/vaults/kv-ek-discord/secrets/Notion--Token",
            "tags": null,
            "timeouts": null,
            "value": "NOT SET",
            "version": "15bb45722bfa49cd996809d5af23781a",
            "versionless_id": "https://kv-ek-discord.vault.azure.net/secrets/Notion--Token"
          },
          "sensitive_attributes": [],
          "private": "eyJlMmJmYjczMC1lY2FhLTExZTYtOGY4OC0zNDM2M2JjN2M0YzAiOnsiY3JlYXRlIjoxODAwMDAwMDAwMDAwLCJkZWxldGUiOjE4MDAwMDAwMDAwMDAsInJlYWQiOjE4MDAwMDAwMDAwMDAsInVwZGF0ZSI6MTgwMDAwMDAwMDAwMH19",
          "dependencies": [
            "azurerm_key_vault.vault"
          ]
        }
      ]
    },
    {
      "mode": "managed",
      "type": "azurerm_resource_group",
      "name": "rg",
      "provider": "provider[\"registry.terraform.io/hashicorp/azurerm\"]",
      "instances": [
        {
          "schema_version": 0,
          "attributes": {
            "id": "/subscriptions/b819e793-bf5b-4d32-a176-1ea0983d0a66/resourceGroups/rg-ek",
            "location": "eastus",
            "name": "rg-ek",
            "tags": {},
            "timeouts": null
          },
          "sensitive_attributes": [],
          "private": "eyJlMmJmYjczMC1lY2FhLTExZTYtOGY4OC0zNDM2M2JjN2M0YzAiOnsiY3JlYXRlIjo1NDAwMDAwMDAwMDAwLCJkZWxldGUiOjU0MDAwMDAwMDAwMDAsInJlYWQiOjMwMDAwMDAwMDAwMCwidXBkYXRlIjo1NDAwMDAwMDAwMDAwfX0="
        }
      ]
    },
    {
      "mode": "managed",
      "type": "random_string",
      "name": "azurerm_key_vault_name",
      "provider": "provider[\"registry.terraform.io/hashicorp/random\"]",
      "instances": [
        {
          "schema_version": 2,
          "attributes": {
            "id": "mrffxxgrcehrb",
            "keepers": null,
            "length": 13,
            "lower": true,
            "min_lower": 0,
            "min_numeric": 0,
            "min_special": 0,
            "min_upper": 0,
            "number": false,
            "numeric": false,
            "override_special": null,
            "result": "mrffxxgrcehrb",
            "special": false,
            "upper": false
          },
          "sensitive_attributes": []
        }
      ]
    }
  ]
}
